
Microsoft Visual Studio Solution File, Format Version 10.00
# Visual Studio 2008
Project("{8BC9CEB8-8B4A-11D0-8D11-00A0C91BC942}") = "CPPCoding", "CPPCoding.vcproj", "{AFA6FA26-3F6E-476B-81F8-0379F441C202}"
EndProject
Global
	GlobalSection(SolutionConfigurationPlatforms) = preSolution
		Debug|Win32 = Debug|Win32
		Release|Win32 = Release|Win32
	EndGlobalSection
	GlobalSection(ProjectConfigurationPlatforms) = postSolution
		{AFA6FA26-3F6E-476B-81F8-0379F441C202}.Debug|Win32.ActiveCfg = Debug|Win32
		{AFA6FA26-3F6E-476B-81F8-0379F441C202}.Debug|Win32.Build.0 = Debug|Win32
		{AFA6FA26-3F6E-476B-81F8-0379F441C202}.Release|Win32.ActiveCfg = Release|Win32
		{AFA6FA26-3F6E-476B-81F8-0379F441C202}.Release|Win32.Build.0 = Release|Win32
	EndGlobalSection
	GlobalSection(SolutionProperties) = preSolution
		HideSolutionNode = FALSE
	EndGlobalSection
EndGlobal
